
Microsoft Visual Studio Solution File, Format Version 12.00
# Visual Studio Version 17
VisualStudioVersion = 17.1.32421.90
MinimumVisualStudioVersion = 10.0.40219.1
Project("{FAE04EC0-301F-11D3-BF4B-00C04F79EFBC}") = "TestWeek2EnricaPittau", "TestWeek2EnricaPittau\TestWeek2EnricaPittau.csproj", "{E9DBB1C3-3146-469A-A1A7-1E60FBF95E48}"
EndProject
Global
	GlobalSection(SolutionConfigurationPlatforms) = preSolution
		Debug|Any CPU = Debug|Any CPU
		Release|Any CPU = Release|Any CPU
	EndGlobalSection
	GlobalSection(ProjectConfigurationPlatforms) = postSolution
		{E9DBB1C3-3146-469A-A1A7-1E60FBF95E48}.Debug|Any CPU.ActiveCfg = Debug|Any CPU
		{E9DBB1C3-3146-469A-A1A7-1E60FBF95E48}.Debug|Any CPU.Build.0 = Debug|Any CPU
		{E9DBB1C3-3146-469A-A1A7-1E60FBF95E48}.Release|Any CPU.ActiveCfg = Release|Any CPU
		{E9DBB1C3-3146-469A-A1A7-1E60FBF95E48}.Release|Any CPU.Build.0 = Release|Any CPU
	EndGlobalSection
	GlobalSection(SolutionProperties) = preSolution
		HideSolutionNode = FALSE
	EndGlobalSection
	GlobalSection(ExtensibilityGlobals) = postSolution
		SolutionGuid = {DB3DAD8A-EC76-4E30-BD80-8E73D69AAA36}
	EndGlobalSection
EndGlobal
